
Microsoft Visual Studio Solution File, Format Version 12.00
# Visual Studio Version 16
VisualStudioVersion = 16.0.31424.327
MinimumVisualStudioVersion = 10.0.40219.1
Project("{2150E333-8FDC-42A3-9474-1A3956D46DE8}") = "01 Presentacion", "01 Presentacion", "{68AC72E5-210D-4299-8107-30A0239C9097}"
EndProject
Project("{2150E333-8FDC-42A3-9474-1A3956D46DE8}") = "02 Services", "02 Services", "{AEEF02F9-6616-4FC6-AC75-D5C8B119D37C}"
EndProject
Project("{2150E333-8FDC-42A3-9474-1A3956D46DE8}") = "03 Transversal", "03 Transversal", "{6DFC6B99-F657-423F-9E8B-7A83BEA345C1}"
EndProject
Project("{2150E333-8FDC-42A3-9474-1A3956D46DE8}") = "04 ApiGateways", "04 ApiGateways", "{D216028B-0F7A-4C98-B312-072D63C681DB}"
EndProject
Project("{2150E333-8FDC-42A3-9474-1A3956D46DE8}") = "AuthZ", "AuthZ", "{A9959DF7-9ADF-40DE-B4E9-61D1CC57543D}"
EndProject
Project("{2150E333-8FDC-42A3-9474-1A3956D46DE8}") = "AuthN", "AuthN", "{B392E579-7BD9-4EC6-A48E-E5208CC94103}"
EndProject
Project("{9A19103F-16F7-4668-BE54-9A1E7A4F7556}") = "AuthZ.Api", "02 Services\AuthZ\AuthZ.Api\AuthZ.Api.csproj", "{216D44E2-EF13-4D02-A4C2-0D788CB13CF5}"
EndProject
Project("{9A19103F-16F7-4668-BE54-9A1E7A4F7556}") = "AuthZ.Domain", "02 Services\AuthZ\AuthZ.Domain\AuthZ.Domain.csproj", "{2B8631E0-FA43-4522-A064-BE95133CA1B4}"
EndProject
Project("{9A19103F-16F7-4668-BE54-9A1E7A4F7556}") = "AuthZ.Infrastructure", "02 Services\AuthZ\AuthZ.Infrastructure\AuthZ.Infrastructure.csproj", "{796B7BD0-AE20-43DC-B2DC-6A1054D7A057}"
EndProject
Project("{2150E333-8FDC-42A3-9474-1A3956D46DE8}") = "BackgroundTask", "BackgroundTask", "{47C8F3FF-7C9A-4DD6-9170-FFF37AD64BCB}"
EndProject
Project("{9A19103F-16F7-4668-BE54-9A1E7A4F7556}") = "AuthZ.BackgroundTask", "02 Services\AuthZ\BackgroundTask\AuthZ.BackgroundTask\AuthZ.BackgroundTask.csproj", "{A2068422-D24F-4026-8919-B1BB9160A86A}"
EndProject
Project("{2150E333-8FDC-42A3-9474-1A3956D46DE8}") = "AuthZ", "AuthZ", "{6DCC2D74-82A4-4683-B6D8-5A4F518AA055}"
EndProject
Project("{9A19103F-16F7-4668-BE54-9A1E7A4F7556}") = "AuthZ.Client", "03 Transversal\AuthZ.Client\AuthZ.Client.csproj", "{0EDA4FAC-0B26-406E-849D-BEE0F70D890D}"
EndProject
Project("{2150E333-8FDC-42A3-9474-1A3956D46DE8}") = "CQRSSqlServer", "CQRSSqlServer", "{128D7BAB-3968-4CDC-92F2-EE3E231EF578}"
EndProject
Project("{9A19103F-16F7-4668-BE54-9A1E7A4F7556}") = "CQRSSqlServer.Api", "02 Services\CQRSSqlServer\CQRSSqlServer.Api\CQRSSqlServer.Api.csproj", "{30F919D0-D076-4452-8251-E176242A0E51}"
EndProject
Project("{9A19103F-16F7-4668-BE54-9A1E7A4F7556}") = "CQRSSqlServer.Domain", "02 Services\CQRSSqlServer\CQRSSqlServer.Domain\CQRSSqlServer.Domain.csproj", "{8145CC70-EBB5-406C-9816-2015691DBA70}"
EndProject
Project("{9A19103F-16F7-4668-BE54-9A1E7A4F7556}") = "CQRSSqlServer.Infrastructure", "02 Services\CQRSSqlServer\CQRSSqlServer.Infrastructure\CQRSSqlServer.Infrastructure.csproj", "{6797EA22-4968-45EF-86AE-C0DE15B1FF12}"
EndProject
Project("{2150E333-8FDC-42A3-9474-1A3956D46DE8}") = "Core", "Core", "{EC67C035-E10E-4FD8-8385-F3CED9A1981A}"
EndProject
Project("{FAE04EC0-301F-11D3-BF4B-00C04F79EFBC}") = "Core", "Core\Core.csproj", "{BC6762CF-D47A-4473-9D84-5E024A2577AA}"
EndProject
Global
	GlobalSection(SolutionConfigurationPlatforms) = preSolution
		Debug|Any CPU = Debug|Any CPU
		Release|Any CPU = Release|Any CPU
	EndGlobalSection
	GlobalSection(ProjectConfigurationPlatforms) = postSolution
		{216D44E2-EF13-4D02-A4C2-0D788CB13CF5}.Debug|Any CPU.ActiveCfg = Debug|Any CPU
		{216D44E2-EF13-4D02-A4C2-0D788CB13CF5}.Debug|Any CPU.Build.0 = Debug|Any CPU
		{216D44E2-EF13-4D02-A4C2-0D788CB13CF5}.Release|Any CPU.ActiveCfg = Release|Any CPU
		{216D44E2-EF13-4D02-A4C2-0D788CB13CF5}.Release|Any CPU.Build.0 = Release|Any CPU
		{2B8631E0-FA43-4522-A064-BE95133CA1B4}.Debug|Any CPU.ActiveCfg = Debug|Any CPU
		{2B8631E0-FA43-4522-A064-BE95133CA1B4}.Debug|Any CPU.Build.0 = Debug|Any CPU
		{2B8631E0-FA43-4522-A064-BE95133CA1B4}.Release|Any CPU.ActiveCfg = Release|Any CPU
		{2B8631E0-FA43-4522-A064-BE95133CA1B4}.Release|Any CPU.Build.0 = Release|Any CPU
		{796B7BD0-AE20-43DC-B2DC-6A1054D7A057}.Debug|Any CPU.ActiveCfg = Debug|Any CPU
		{796B7BD0-AE20-43DC-B2DC-6A1054D7A057}.Debug|Any CPU.Build.0 = Debug|Any CPU
		{796B7BD0-AE20-43DC-B2DC-6A1054D7A057}.Release|Any CPU.ActiveCfg = Release|Any CPU
		{796B7BD0-AE20-43DC-B2DC-6A1054D7A057}.Release|Any CPU.Build.0 = Release|Any CPU
		{A2068422-D24F-4026-8919-B1BB9160A86A}.Debug|Any CPU.ActiveCfg = Debug|Any CPU
		{A2068422-D24F-4026-8919-B1BB9160A86A}.Debug|Any CPU.Build.0 = Debug|Any CPU
		{A2068422-D24F-4026-8919-B1BB9160A86A}.Release|Any CPU.ActiveCfg = Release|Any CPU
		{A2068422-D24F-4026-8919-B1BB9160A86A}.Release|Any CPU.Build.0 = Release|Any CPU
		{0EDA4FAC-0B26-406E-849D-BEE0F70D890D}.Debug|Any CPU.ActiveCfg = Debug|Any CPU
		{0EDA4FAC-0B26-406E-849D-BEE0F70D890D}.Debug|Any CPU.Build.0 = Debug|Any CPU
		{0EDA4FAC-0B26-406E-849D-BEE0F70D890D}.Release|Any CPU.ActiveCfg = Release|Any CPU
		{0EDA4FAC-0B26-406E-849D-BEE0F70D890D}.Release|Any CPU.Build.0 = Release|Any CPU
		{30F919D0-D076-4452-8251-E176242A0E51}.Debug|Any CPU.ActiveCfg = Debug|Any CPU
		{30F919D0-D076-4452-8251-E176242A0E51}.Debug|Any CPU.Build.0 = Debug|Any CPU
		{30F919D0-D076-4452-8251-E176242A0E51}.Release|Any CPU.ActiveCfg = Release|Any CPU
		{30F919D0-D076-4452-8251-E176242A0E51}.Release|Any CPU.Build.0 = Release|Any CPU
		{8145CC70-EBB5-406C-9816-2015691DBA70}.Debug|Any CPU.ActiveCfg = Debug|Any CPU
		{8145CC70-EBB5-406C-9816-2015691DBA70}.Debug|Any CPU.Build.0 = Debug|Any CPU
		{8145CC70-EBB5-406C-9816-2015691DBA70}.Release|Any CPU.ActiveCfg = Release|Any CPU
		{8145CC70-EBB5-406C-9816-2015691DBA70}.Release|Any CPU.Build.0 = Release|Any CPU
		{6797EA22-4968-45EF-86AE-C0DE15B1FF12}.Debug|Any CPU.ActiveCfg = Debug|Any CPU
		{6797EA22-4968-45EF-86AE-C0DE15B1FF12}.Debug|Any CPU.Build.0 = Debug|Any CPU
		{6797EA22-4968-45EF-86AE-C0DE15B1FF12}.Release|Any CPU.ActiveCfg = Release|Any CPU
		{6797EA22-4968-45EF-86AE-C0DE15B1FF12}.Release|Any CPU.Build.0 = Release|Any CPU
		{BC6762CF-D47A-4473-9D84-5E024A2577AA}.Debug|Any CPU.ActiveCfg = Debug|Any CPU
		{BC6762CF-D47A-4473-9D84-5E024A2577AA}.Debug|Any CPU.Build.0 = Debug|Any CPU
		{BC6762CF-D47A-4473-9D84-5E024A2577AA}.Release|Any CPU.ActiveCfg = Release|Any CPU
		{BC6762CF-D47A-4473-9D84-5E024A2577AA}.Release|Any CPU.Build.0 = Release|Any CPU
	EndGlobalSection
	GlobalSection(SolutionProperties) = preSolution
		HideSolutionNode = FALSE
	EndGlobalSection
	GlobalSection(NestedProjects) = preSolution
		{A9959DF7-9ADF-40DE-B4E9-61D1CC57543D} = {AEEF02F9-6616-4FC6-AC75-D5C8B119D37C}
		{B392E579-7BD9-4EC6-A48E-E5208CC94103} = {AEEF02F9-6616-4FC6-AC75-D5C8B119D37C}
		{216D44E2-EF13-4D02-A4C2-0D788CB13CF5} = {A9959DF7-9ADF-40DE-B4E9-61D1CC57543D}
		{2B8631E0-FA43-4522-A064-BE95133CA1B4} = {A9959DF7-9ADF-40DE-B4E9-61D1CC57543D}
		{796B7BD0-AE20-43DC-B2DC-6A1054D7A057} = {A9959DF7-9ADF-40DE-B4E9-61D1CC57543D}
		{47C8F3FF-7C9A-4DD6-9170-FFF37AD64BCB} = {A9959DF7-9ADF-40DE-B4E9-61D1CC57543D}
		{A2068422-D24F-4026-8919-B1BB9160A86A} = {47C8F3FF-7C9A-4DD6-9170-FFF37AD64BCB}
		{6DCC2D74-82A4-4683-B6D8-5A4F518AA055} = {6DFC6B99-F657-423F-9E8B-7A83BEA345C1}
		{0EDA4FAC-0B26-406E-849D-BEE0F70D890D} = {6DCC2D74-82A4-4683-B6D8-5A4F518AA055}
		{128D7BAB-3968-4CDC-92F2-EE3E231EF578} = {AEEF02F9-6616-4FC6-AC75-D5C8B119D37C}
		{30F919D0-D076-4452-8251-E176242A0E51} = {128D7BAB-3968-4CDC-92F2-EE3E231EF578}
		{8145CC70-EBB5-406C-9816-2015691DBA70} = {128D7BAB-3968-4CDC-92F2-EE3E231EF578}
		{6797EA22-4968-45EF-86AE-C0DE15B1FF12} = {128D7BAB-3968-4CDC-92F2-EE3E231EF578}
		{EC67C035-E10E-4FD8-8385-F3CED9A1981A} = {6DFC6B99-F657-423F-9E8B-7A83BEA345C1}
		{BC6762CF-D47A-4473-9D84-5E024A2577AA} = {EC67C035-E10E-4FD8-8385-F3CED9A1981A}
	EndGlobalSection
	GlobalSection(ExtensibilityGlobals) = postSolution
		SolutionGuid = {07CDE481-8FAF-4D54-889E-E8B87A2EEE78}
	EndGlobalSection
EndGlobal
